
Microsoft Visual Studio Solution File, Format Version 12.00
# Visual Studio Version 17
VisualStudioVersion = 17.6.33723.286
MinimumVisualStudioVersion = 10.0.40219.1
Project("{9A19103F-16F7-4668-BE54-9A1E7A4F7556}") = "bohoInvoiceWatermarkRemove", "bohoInvoiceWatermarkRemove\bohoInvoiceWatermarkRemove.csproj", "{3EFC4F04-EE94-4DD0-8D43-8444DD4B9F12}"
EndProject
Project("{9A19103F-16F7-4668-BE54-9A1E7A4F7556}") = "bohoInvoiceWatermarkRemoveTest", "bohoInvoiceWatermarkRemoveTest\bohoInvoiceWatermarkRemoveTest.csproj", "{9A8ACB4C-15D2-43DF-ACE3-32CD92E3A2A7}"
EndProject
Global
	GlobalSection(SolutionConfigurationPlatforms) = preSolution
		Debug|Any CPU = Debug|Any CPU
		Release|Any CPU = Release|Any CPU
	EndGlobalSection
	GlobalSection(ProjectConfigurationPlatforms) = postSolution
		{3EFC4F04-EE94-4DD0-8D43-8444DD4B9F12}.Debug|Any CPU.ActiveCfg = Debug|Any CPU
		{3EFC4F04-EE94-4DD0-8D43-8444DD4B9F12}.Debug|Any CPU.Build.0 = Debug|Any CPU
		{3EFC4F04-EE94-4DD0-8D43-8444DD4B9F12}.Release|Any CPU.ActiveCfg = Release|Any CPU
		{3EFC4F04-EE94-4DD0-8D43-8444DD4B9F12}.Release|Any CPU.Build.0 = Release|Any CPU
		{9A8ACB4C-15D2-43DF-ACE3-32CD92E3A2A7}.Debug|Any CPU.ActiveCfg = Debug|Any CPU
		{9A8ACB4C-15D2-43DF-ACE3-32CD92E3A2A7}.Debug|Any CPU.Build.0 = Debug|Any CPU
		{9A8ACB4C-15D2-43DF-ACE3-32CD92E3A2A7}.Release|Any CPU.ActiveCfg = Release|Any CPU
		{9A8ACB4C-15D2-43DF-ACE3-32CD92E3A2A7}.Release|Any CPU.Build.0 = Release|Any CPU
	EndGlobalSection
	GlobalSection(SolutionProperties) = preSolution
		HideSolutionNode = FALSE
	EndGlobalSection
	GlobalSection(ExtensibilityGlobals) = postSolution
		SolutionGuid = {CF3A9444-476A-41CD-83A9-5E8DBEC9DBC0}
	EndGlobalSection
EndGlobal
